
Microsoft Visual Studio Solution File, Format Version 12.00
# Visual Studio Version 17
VisualStudioVersion = 17.0.31903.59
MinimumVisualStudioVersion = 10.0.40219.1
Project("{FAE04EC0-301F-11D3-BF4B-00C04F79EFBC}") = "API", "API\API.csproj", "{ABE1564C-115E-42C9-B870-359085C149BC}"
EndProject
Project("{FAE04EC0-301F-11D3-BF4B-00C04F79EFBC}") = "Application", "Application\Application.csproj", "{218EA41D-9181-4230-BF9D-5F799E381AB3}"
EndProject
Project("{FAE04EC0-301F-11D3-BF4B-00C04F79EFBC}") = "Domain", "Domain\Domain.csproj", "{8CEE16BA-26FB-4126-8BF5-C391D90F32EB}"
EndProject
Project("{FAE04EC0-301F-11D3-BF4B-00C04F79EFBC}") = "Persistence", "Persistence\Persistence.csproj", "{0C22EAEB-C6EB-45DC-98CB-153966305794}"
EndProject
Global
	GlobalSection(SolutionConfigurationPlatforms) = preSolution
		Debug|Any CPU = Debug|Any CPU
		Release|Any CPU = Release|Any CPU
	EndGlobalSection
	GlobalSection(SolutionProperties) = preSolution
		HideSolutionNode = FALSE
	EndGlobalSection
	GlobalSection(ProjectConfigurationPlatforms) = postSolution
		{ABE1564C-115E-42C9-B870-359085C149BC}.Debug|Any CPU.ActiveCfg = Debug|Any CPU
		{ABE1564C-115E-42C9-B870-359085C149BC}.Debug|Any CPU.Build.0 = Debug|Any CPU
		{ABE1564C-115E-42C9-B870-359085C149BC}.Release|Any CPU.ActiveCfg = Release|Any CPU
		{ABE1564C-115E-42C9-B870-359085C149BC}.Release|Any CPU.Build.0 = Release|Any CPU
		{218EA41D-9181-4230-BF9D-5F799E381AB3}.Debug|Any CPU.ActiveCfg = Debug|Any CPU
		{218EA41D-9181-4230-BF9D-5F799E381AB3}.Debug|Any CPU.Build.0 = Debug|Any CPU
		{218EA41D-9181-4230-BF9D-5F799E381AB3}.Release|Any CPU.ActiveCfg = Release|Any CPU
		{218EA41D-9181-4230-BF9D-5F799E381AB3}.Release|Any CPU.Build.0 = Release|Any CPU
		{8CEE16BA-26FB-4126-8BF5-C391D90F32EB}.Debug|Any CPU.ActiveCfg = Debug|Any CPU
		{8CEE16BA-26FB-4126-8BF5-C391D90F32EB}.Debug|Any CPU.Build.0 = Debug|Any CPU
		{8CEE16BA-26FB-4126-8BF5-C391D90F32EB}.Release|Any CPU.ActiveCfg = Release|Any CPU
		{8CEE16BA-26FB-4126-8BF5-C391D90F32EB}.Release|Any CPU.Build.0 = Release|Any CPU
		{0C22EAEB-C6EB-45DC-98CB-153966305794}.Debug|Any CPU.ActiveCfg = Debug|Any CPU
		{0C22EAEB-C6EB-45DC-98CB-153966305794}.Debug|Any CPU.Build.0 = Debug|Any CPU
		{0C22EAEB-C6EB-45DC-98CB-153966305794}.Release|Any CPU.ActiveCfg = Release|Any CPU
		{0C22EAEB-C6EB-45DC-98CB-153966305794}.Release|Any CPU.Build.0 = Release|Any CPU
	EndGlobalSection
EndGlobal
